
Microsoft Visual Studio Solution File, Format Version 12.00
# Visual Studio Version 17
VisualStudioVersion = 17.6.33829.357
MinimumVisualStudioVersion = 10.0.40219.1
Project("{FAE04EC0-301F-11D3-BF4B-00C04F79EFBC}") = "AtividadeIX", "AtividadeIX.csproj", "{63EE5902-4976-49FF-89FA-325725DC54B9}"
EndProject
Global
	GlobalSection(SolutionConfigurationPlatforms) = preSolution
		Debug|Any CPU = Debug|Any CPU
		Release|Any CPU = Release|Any CPU
	EndGlobalSection
	GlobalSection(ProjectConfigurationPlatforms) = postSolution
		{63EE5902-4976-49FF-89FA-325725DC54B9}.Debug|Any CPU.ActiveCfg = Debug|Any CPU
		{63EE5902-4976-49FF-89FA-325725DC54B9}.Debug|Any CPU.Build.0 = Debug|Any CPU
		{63EE5902-4976-49FF-89FA-325725DC54B9}.Release|Any CPU.ActiveCfg = Release|Any CPU
		{63EE5902-4976-49FF-89FA-325725DC54B9}.Release|Any CPU.Build.0 = Release|Any CPU
	EndGlobalSection
	GlobalSection(SolutionProperties) = preSolution
		HideSolutionNode = FALSE
	EndGlobalSection
	GlobalSection(ExtensibilityGlobals) = postSolution
		SolutionGuid = {199124B8-F30C-4CC7-85BE-27979DBA711A}
	EndGlobalSection
EndGlobal
